
Microsoft Visual Studio Solution File, Format Version 12.00
# Visual Studio 15
VisualStudioVersion = 15.0.28010.2041
MinimumVisualStudioVersion = 10.0.40219.1
Project("{FAE04EC0-301F-11D3-BF4B-00C04F79EFBC}") = "SRP_System", "TestForms\SRP_System.csproj", "{528E7310-B18E-4FC2-875D-B591E55CFA06}"
EndProject
Global
	GlobalSection(SolutionConfigurationPlatforms) = preSolution
		Debug|Any CPU = Debug|Any CPU
		Release|Any CPU = Release|Any CPU
	EndGlobalSection
	GlobalSection(ProjectConfigurationPlatforms) = postSolution
		{528E7310-B18E-4FC2-875D-B591E55CFA06}.Debug|Any CPU.ActiveCfg = Debug|Any CPU
		{528E7310-B18E-4FC2-875D-B591E55CFA06}.Debug|Any CPU.Build.0 = Debug|Any CPU
		{528E7310-B18E-4FC2-875D-B591E55CFA06}.Release|Any CPU.ActiveCfg = Release|Any CPU
		{528E7310-B18E-4FC2-875D-B591E55CFA06}.Release|Any CPU.Build.0 = Release|Any CPU
	EndGlobalSection
	GlobalSection(SolutionProperties) = preSolution
		HideSolutionNode = FALSE
	EndGlobalSection
	GlobalSection(ExtensibilityGlobals) = postSolution
		SolutionGuid = {7EBB4A98-901C-4FB9-8A61-48EEEBD4D521}
	EndGlobalSection
EndGlobal
